<?xml version="1.0" encoding="utf-8"?>
<Project ToolsVersion="4.0" xmlns="http://schemas.microsoft.com/developer/msbuild/2003">
  <ItemGroup>
    <Filter Include="Source Files">
      <UniqueIdentifier>{4FC737F1-C7A5-4376-A066-2A32D752A2FF}</UniqueIdentifier>
      <Extensions>cpp;c;cc;cxx;def;odl;idl;hpj;bat;asm;asmx</Extensions>
    </Filter>
    <Filter Include="Header Files">
      <UniqueIdentifier>{93995380-89BD-4b04-88EB-625FBE52EBFB}</UniqueIdentifier>
      <Extensions>h;hpp;hxx;hm;inl;inc;xsd</Extensions>
    </Filter>
    <Filter Include="Resource Files">
      <UniqueIdentifier>{67DA6AB6-F800-4c08-8B7A-83BB121AAD01}</UniqueIdentifier>
      <Extensions>rc;ico;cur;bmp;dlg;rc2;rct;bin;rgs;gif;jpg;jpeg;jpe;resx;tiff;tif;png;wav;mfcribbon-ms</Extensions>
    </Filter>
    <Filter Include="Header Files\Methods">
      <UniqueIdentifier>{352c5bd6-372d-49ae-9e39-7a55618a5ff2}</UniqueIdentifier>
    </Filter>
    <Filter Include="Header Files\DLL">
      <UniqueIdentifier>{95d6028f-aec5-4669-b740-22f9dcf41db7}</UniqueIdentifier>
    </Filter>
    <Filter Include="Header Files\Methods 2">
      <UniqueIdentifier>{7bfd2f6a-d310-462a-bdc4-d2c9c51a05ed}</UniqueIdentifier>
    </Filter>
  </ItemGroup>
  <ItemGroup>
    <ClInclude Include="LogicDLL.h">
      <Filter>Header Files</Filter>
    </ClInclude>
    <ClInclude Include="CroutsCholesky.h">
      <Filter>Header Files\Methods</Filter>
    </ClInclude>
    <ClInclude Include="GaussJacobi.h">
      <Filter>Header Files\Methods</Filter>
    </ClInclude>
    <ClInclude Include="GaussSeidel.h">
      <Filter>Header Files\Methods</Filter>
    </ClInclude>
    <ClInclude Include="Mullers.h">
      <Filter>Header Files\Methods</Filter>
    </ClInclude>
    <ClInclude Include="RegulaFalsi.h">
      <Filter>Header Files\Methods</Filter>
    </ClInclude>
    <ClInclude Include="Secant.h">
      <Filter>Header Files\Methods</Filter>
    </ClInclude>
    <ClInclude Include="Stdafx.h">
      <Filter>Header Files\DLL</Filter>
    </ClInclude>
    <ClInclude Include="resource.h">
      <Filter>Header Files\DLL</Filter>
    </ClInclude>
    <ClInclude Include="Evaluator.h">
      <Filter>Header Files\Methods</Filter>
    </ClInclude>
    <ClInclude Include="Root.h">
      <Filter>Header Files\Methods</Filter>
    </ClInclude>
    <ClInclude Include="NewtonsDDifference.h">
      <Filter>Header Files\Methods 2</Filter>
    </ClInclude>
    <ClInclude Include="Regression.h">
      <Filter>Header Files\Methods 2</Filter>
    </ClInclude>
    <ClInclude Include="Integration.h">
      <Filter>Header Files\Methods 2</Filter>
    </ClInclude>
    <ClInclude Include="Differentiation.h">
      <Filter>Header Files\Methods 2</Filter>
    </ClInclude>
  </ItemGroup>
  <ItemGroup>
    <ClCompile Include="LogicDLL.cpp">
      <Filter>Source Files</Filter>
    </ClCompile>
    <ClCompile Include="AssemblyInfo.cpp">
      <Filter>Source Files</Filter>
    </ClCompile>
    <ClCompile Include="Stdafx.cpp">
      <Filter>Source Files</Filter>
    </ClCompile>
  </ItemGroup>
  <ItemGroup>
    <Text Include="ReadMe.txt" />
  </ItemGroup>
  <ItemGroup>
    <ResourceCompile Include="app.rc">
      <Filter>Resource Files</Filter>
    </ResourceCompile>
  </ItemGroup>
  <ItemGroup>
    <Image Include="app.ico">
      <Filter>Resource Files</Filter>
    </Image>
  </ItemGroup>
</Project>